
Microsoft Visual Studio Solution File, Format Version 12.00
# Visual Studio 2013
VisualStudioVersion = 12.0.21005.1
MinimumVisualStudioVersion = 10.0.40219.1
Project("{FAE04EC0-301F-11D3-BF4B-00C04F79EFBC}") = "DocBuilder.Web", "DocBuilder.Web\DocBuilder.Web.csproj", "{F27F3920-1AE3-4FEE-962E-31C53F1AB8F1}"
EndProject
Project("{CC5FD16D-436D-48AD-A40C-5A424C6E3E79}") = "DocBuilder.Azure", "DocBuilder.Azure\DocBuilder.Azure.ccproj", "{AE9F77D6-8890-4813-B428-4D5ED6ADF20C}"
EndProject
Global
	GlobalSection(SolutionConfigurationPlatforms) = preSolution
		Debug|Any CPU = Debug|Any CPU
		Release|Any CPU = Release|Any CPU
	EndGlobalSection
	GlobalSection(ProjectConfigurationPlatforms) = postSolution
		{F27F3920-1AE3-4FEE-962E-31C53F1AB8F1}.Debug|Any CPU.ActiveCfg = Debug|Any CPU
		{F27F3920-1AE3-4FEE-962E-31C53F1AB8F1}.Debug|Any CPU.Build.0 = Debug|Any CPU
		{F27F3920-1AE3-4FEE-962E-31C53F1AB8F1}.Release|Any CPU.ActiveCfg = Release|Any CPU
		{F27F3920-1AE3-4FEE-962E-31C53F1AB8F1}.Release|Any CPU.Build.0 = Release|Any CPU
		{AE9F77D6-8890-4813-B428-4D5ED6ADF20C}.Debug|Any CPU.ActiveCfg = Debug|Any CPU
		{AE9F77D6-8890-4813-B428-4D5ED6ADF20C}.Debug|Any CPU.Build.0 = Debug|Any CPU
		{AE9F77D6-8890-4813-B428-4D5ED6ADF20C}.Release|Any CPU.ActiveCfg = Release|Any CPU
		{AE9F77D6-8890-4813-B428-4D5ED6ADF20C}.Release|Any CPU.Build.0 = Release|Any CPU
	EndGlobalSection
	GlobalSection(SolutionProperties) = preSolution
		HideSolutionNode = FALSE
	EndGlobalSection
EndGlobal
